
Microsoft Visual Studio Solution File, Format Version 12.00
# Visual Studio 2013
VisualStudioVersion = 12.0.40629.0
MinimumVisualStudioVersion = 10.0.40219.1
Project("{8BC9CEB8-8B4A-11D0-8D11-00A0C91BC942}") = "base_lib", "base_lib\base_lib.vcxproj", "{F9BC8E5D-A5D9-42D9-9AAB-4777CDC9DC76}"
	ProjectSection(ProjectDependencies) = postProject
		{EFE31F5D-56AB-4A27-BBA6-A2AB4296FC09} = {EFE31F5D-56AB-4A27-BBA6-A2AB4296FC09}
		{FBAB75C5-86D5-4A05-B981-2473F1F511AA} = {FBAB75C5-86D5-4A05-B981-2473F1F511AA}
	EndProjectSection
EndProject
Project("{8BC9CEB8-8B4A-11D0-8D11-00A0C91BC942}") = "game_lib", "game_lib\game_lib.vcxproj", "{3BCA1E97-6A14-4D1C-810E-E4A267F0D1F8}"
	ProjectSection(ProjectDependencies) = postProject
		{F9BC8E5D-A5D9-42D9-9AAB-4777CDC9DC76} = {F9BC8E5D-A5D9-42D9-9AAB-4777CDC9DC76}
	EndProjectSection
EndProject
Project("{8BC9CEB8-8B4A-11D0-8D11-00A0C91BC942}") = "ai_lib", "ai_lib\ai_lib.vcxproj", "{44C47B97-9ACD-4227-892A-A9EC59C99C6E}"
	ProjectSection(ProjectDependencies) = postProject
		{F9BC8E5D-A5D9-42D9-9AAB-4777CDC9DC76} = {F9BC8E5D-A5D9-42D9-9AAB-4777CDC9DC76}
		{FBAB75C5-86D5-4A05-B981-2473F1F511AA} = {FBAB75C5-86D5-4A05-B981-2473F1F511AA}
	EndProjectSection
EndProject
Project("{8BC9CEB8-8B4A-11D0-8D11-00A0C91BC942}") = "srv_cfg", "srv_cfg\srv_cfg.vcxproj", "{D62DA5BF-D9A7-4227-A8C6-39AC55F84A1E}"
	ProjectSection(ProjectDependencies) = postProject
		{EFE31F5D-56AB-4A27-BBA6-A2AB4296FC09} = {EFE31F5D-56AB-4A27-BBA6-A2AB4296FC09}
		{F9BC8E5D-A5D9-42D9-9AAB-4777CDC9DC76} = {F9BC8E5D-A5D9-42D9-9AAB-4777CDC9DC76}
		{FBAB75C5-86D5-4A05-B981-2473F1F511AA} = {FBAB75C5-86D5-4A05-B981-2473F1F511AA}
	EndProjectSection
EndProject
Project("{8BC9CEB8-8B4A-11D0-8D11-00A0C91BC942}") = "srv_login", "srv_login\srv_login.vcxproj", "{66769ACE-5F59-42E1-91FE-B78ADD57EFFB}"
	ProjectSection(ProjectDependencies) = postProject
		{EFE31F5D-56AB-4A27-BBA6-A2AB4296FC09} = {EFE31F5D-56AB-4A27-BBA6-A2AB4296FC09}
		{F9BC8E5D-A5D9-42D9-9AAB-4777CDC9DC76} = {F9BC8E5D-A5D9-42D9-9AAB-4777CDC9DC76}
		{FBAB75C5-86D5-4A05-B981-2473F1F511AA} = {FBAB75C5-86D5-4A05-B981-2473F1F511AA}
	EndProjectSection
EndProject
Project("{8BC9CEB8-8B4A-11D0-8D11-00A0C91BC942}") = "srv_web", "srv_web\srv_web.vcxproj", "{59CBB03E-F9F8-4C31-856A-FCC6932D3559}"
	ProjectSection(ProjectDependencies) = postProject
		{EFE31F5D-56AB-4A27-BBA6-A2AB4296FC09} = {EFE31F5D-56AB-4A27-BBA6-A2AB4296FC09}
		{F9BC8E5D-A5D9-42D9-9AAB-4777CDC9DC76} = {F9BC8E5D-A5D9-42D9-9AAB-4777CDC9DC76}
		{FBAB75C5-86D5-4A05-B981-2473F1F511AA} = {FBAB75C5-86D5-4A05-B981-2473F1F511AA}
	EndProjectSection
EndProject
Project("{8BC9CEB8-8B4A-11D0-8D11-00A0C91BC942}") = "srv_gateway", "srv_gateway\srv_gateway.vcxproj", "{2506B114-340A-40EE-98D5-FB02C136C6CB}"
	ProjectSection(ProjectDependencies) = postProject
		{EFE31F5D-56AB-4A27-BBA6-A2AB4296FC09} = {EFE31F5D-56AB-4A27-BBA6-A2AB4296FC09}
		{F9BC8E5D-A5D9-42D9-9AAB-4777CDC9DC76} = {F9BC8E5D-A5D9-42D9-9AAB-4777CDC9DC76}
		{FBAB75C5-86D5-4A05-B981-2473F1F511AA} = {FBAB75C5-86D5-4A05-B981-2473F1F511AA}
	EndProjectSection
EndProject
Project("{8BC9CEB8-8B4A-11D0-8D11-00A0C91BC942}") = "srv_mysql", "srv_mysql\srv_mysql.vcxproj", "{4C09D1C0-5F24-4271-AF01-DDE601D13A1C}"
	ProjectSection(ProjectDependencies) = postProject
		{EFE31F5D-56AB-4A27-BBA6-A2AB4296FC09} = {EFE31F5D-56AB-4A27-BBA6-A2AB4296FC09}
		{F9BC8E5D-A5D9-42D9-9AAB-4777CDC9DC76} = {F9BC8E5D-A5D9-42D9-9AAB-4777CDC9DC76}
		{FBAB75C5-86D5-4A05-B981-2473F1F511AA} = {FBAB75C5-86D5-4A05-B981-2473F1F511AA}
	EndProjectSection
EndProject
Project("{8BC9CEB8-8B4A-11D0-8D11-00A0C91BC942}") = "op_lib", "op_lib\op_lib.vcxproj", "{EFE31F5D-56AB-4A27-BBA6-A2AB4296FC09}"
EndProject
Project("{8BC9CEB8-8B4A-11D0-8D11-00A0C91BC942}") = "lua_lib", "lua_lib\lua_lib.vcxproj", "{FBAB75C5-86D5-4A05-B981-2473F1F511AA}"
EndProject
Project("{8BC9CEB8-8B4A-11D0-8D11-00A0C91BC942}") = "srv_game", "srv_game\srv_game.vcxproj", "{49CB8D71-ECF7-4BD6-BE61-37E6CC256924}"
	ProjectSection(ProjectDependencies) = postProject
		{EFE31F5D-56AB-4A27-BBA6-A2AB4296FC09} = {EFE31F5D-56AB-4A27-BBA6-A2AB4296FC09}
		{5DB0D37D-8534-49D1-B6E5-7017420F07FE} = {5DB0D37D-8534-49D1-B6E5-7017420F07FE}
		{3BCA1E97-6A14-4D1C-810E-E4A267F0D1F8} = {3BCA1E97-6A14-4D1C-810E-E4A267F0D1F8}
		{44C47B97-9ACD-4227-892A-A9EC59C99C6E} = {44C47B97-9ACD-4227-892A-A9EC59C99C6E}
		{FBAB75C5-86D5-4A05-B981-2473F1F511AA} = {FBAB75C5-86D5-4A05-B981-2473F1F511AA}
	EndProjectSection
EndProject
Project("{8BC9CEB8-8B4A-11D0-8D11-00A0C91BC942}") = "catch_fish", "catch_fish\catch_fish.vcxproj", "{5DB0D37D-8534-49D1-B6E5-7017420F07FE}"
EndProject
Global
	GlobalSection(SolutionConfigurationPlatforms) = preSolution
		Debug|Any CPU = Debug|Any CPU
		Debug|Mixed Platforms = Debug|Mixed Platforms
		Debug|Win32 = Debug|Win32
		Release|Any CPU = Release|Any CPU
		Release|Mixed Platforms = Release|Mixed Platforms
		Release|Win32 = Release|Win32
	EndGlobalSection
	GlobalSection(ProjectConfigurationPlatforms) = postSolution
		{F9BC8E5D-A5D9-42D9-9AAB-4777CDC9DC76}.Debug|Any CPU.ActiveCfg = Debug|Win32
		{F9BC8E5D-A5D9-42D9-9AAB-4777CDC9DC76}.Debug|Mixed Platforms.ActiveCfg = Debug|Win32
		{F9BC8E5D-A5D9-42D9-9AAB-4777CDC9DC76}.Debug|Win32.ActiveCfg = Debug|Win32
		{F9BC8E5D-A5D9-42D9-9AAB-4777CDC9DC76}.Release|Any CPU.ActiveCfg = Release|Win32
		{F9BC8E5D-A5D9-42D9-9AAB-4777CDC9DC76}.Release|Mixed Platforms.ActiveCfg = Release|Win32
		{F9BC8E5D-A5D9-42D9-9AAB-4777CDC9DC76}.Release|Win32.ActiveCfg = Release|Win32
		{3BCA1E97-6A14-4D1C-810E-E4A267F0D1F8}.Debug|Any CPU.ActiveCfg = Debug|Win32
		{3BCA1E97-6A14-4D1C-810E-E4A267F0D1F8}.Debug|Mixed Platforms.ActiveCfg = Debug|Win32
		{3BCA1E97-6A14-4D1C-810E-E4A267F0D1F8}.Debug|Win32.ActiveCfg = Debug|Win32
		{3BCA1E97-6A14-4D1C-810E-E4A267F0D1F8}.Release|Any CPU.ActiveCfg = Release|Win32
		{3BCA1E97-6A14-4D1C-810E-E4A267F0D1F8}.Release|Mixed Platforms.ActiveCfg = Release|Win32
		{3BCA1E97-6A14-4D1C-810E-E4A267F0D1F8}.Release|Win32.ActiveCfg = Release|Win32
		{44C47B97-9ACD-4227-892A-A9EC59C99C6E}.Debug|Any CPU.ActiveCfg = Debug|Win32
		{44C47B97-9ACD-4227-892A-A9EC59C99C6E}.Debug|Mixed Platforms.ActiveCfg = Debug|Win32
		{44C47B97-9ACD-4227-892A-A9EC59C99C6E}.Debug|Mixed Platforms.Build.0 = Debug|Win32
		{44C47B97-9ACD-4227-892A-A9EC59C99C6E}.Debug|Win32.ActiveCfg = Debug|Win32
		{44C47B97-9ACD-4227-892A-A9EC59C99C6E}.Debug|Win32.Build.0 = Debug|Win32
		{44C47B97-9ACD-4227-892A-A9EC59C99C6E}.Release|Any CPU.ActiveCfg = Release|Win32
		{44C47B97-9ACD-4227-892A-A9EC59C99C6E}.Release|Mixed Platforms.ActiveCfg = Release|Win32
		{44C47B97-9ACD-4227-892A-A9EC59C99C6E}.Release|Mixed Platforms.Build.0 = Release|Win32
		{44C47B97-9ACD-4227-892A-A9EC59C99C6E}.Release|Win32.ActiveCfg = Release|Win32
		{44C47B97-9ACD-4227-892A-A9EC59C99C6E}.Release|Win32.Build.0 = Release|Win32
		{D62DA5BF-D9A7-4227-A8C6-39AC55F84A1E}.Debug|Any CPU.ActiveCfg = Debug|Win32
		{D62DA5BF-D9A7-4227-A8C6-39AC55F84A1E}.Debug|Mixed Platforms.ActiveCfg = Debug|Win32
		{D62DA5BF-D9A7-4227-A8C6-39AC55F84A1E}.Debug|Mixed Platforms.Build.0 = Debug|Win32
		{D62DA5BF-D9A7-4227-A8C6-39AC55F84A1E}.Debug|Win32.ActiveCfg = Debug|Win32
		{D62DA5BF-D9A7-4227-A8C6-39AC55F84A1E}.Debug|Win32.Build.0 = Debug|Win32
		{D62DA5BF-D9A7-4227-A8C6-39AC55F84A1E}.Release|Any CPU.ActiveCfg = Release|Win32
		{D62DA5BF-D9A7-4227-A8C6-39AC55F84A1E}.Release|Mixed Platforms.ActiveCfg = Release|Win32
		{D62DA5BF-D9A7-4227-A8C6-39AC55F84A1E}.Release|Mixed Platforms.Build.0 = Release|Win32
		{D62DA5BF-D9A7-4227-A8C6-39AC55F84A1E}.Release|Win32.ActiveCfg = Release|Win32
		{D62DA5BF-D9A7-4227-A8C6-39AC55F84A1E}.Release|Win32.Build.0 = Release|Win32
		{66769ACE-5F59-42E1-91FE-B78ADD57EFFB}.Debug|Any CPU.ActiveCfg = Debug|Win32
		{66769ACE-5F59-42E1-91FE-B78ADD57EFFB}.Debug|Mixed Platforms.ActiveCfg = Debug|Win32
		{66769ACE-5F59-42E1-91FE-B78ADD57EFFB}.Debug|Mixed Platforms.Build.0 = Debug|Win32
		{66769ACE-5F59-42E1-91FE-B78ADD57EFFB}.Debug|Win32.ActiveCfg = Debug|Win32
		{66769ACE-5F59-42E1-91FE-B78ADD57EFFB}.Debug|Win32.Build.0 = Debug|Win32
		{66769ACE-5F59-42E1-91FE-B78ADD57EFFB}.Release|Any CPU.ActiveCfg = Release|Win32
		{66769ACE-5F59-42E1-91FE-B78ADD57EFFB}.Release|Mixed Platforms.ActiveCfg = Release|Win32
		{66769ACE-5F59-42E1-91FE-B78ADD57EFFB}.Release|Mixed Platforms.Build.0 = Release|Win32
		{66769ACE-5F59-42E1-91FE-B78ADD57EFFB}.Release|Win32.ActiveCfg = Release|Win32
		{66769ACE-5F59-42E1-91FE-B78ADD57EFFB}.Release|Win32.Build.0 = Release|Win32
		{59CBB03E-F9F8-4C31-856A-FCC6932D3559}.Debug|Any CPU.ActiveCfg = Debug|Win32
		{59CBB03E-F9F8-4C31-856A-FCC6932D3559}.Debug|Mixed Platforms.ActiveCfg = Debug|Win32
		{59CBB03E-F9F8-4C31-856A-FCC6932D3559}.Debug|Mixed Platforms.Build.0 = Debug|Win32
		{59CBB03E-F9F8-4C31-856A-FCC6932D3559}.Debug|Win32.ActiveCfg = Debug|Win32
		{59CBB03E-F9F8-4C31-856A-FCC6932D3559}.Debug|Win32.Build.0 = Debug|Win32
		{59CBB03E-F9F8-4C31-856A-FCC6932D3559}.Release|Any CPU.ActiveCfg = Release|Win32
		{59CBB03E-F9F8-4C31-856A-FCC6932D3559}.Release|Mixed Platforms.ActiveCfg = Release|Win32
		{59CBB03E-F9F8-4C31-856A-FCC6932D3559}.Release|Mixed Platforms.Build.0 = Release|Win32
		{59CBB03E-F9F8-4C31-856A-FCC6932D3559}.Release|Win32.ActiveCfg = Release|Win32
		{59CBB03E-F9F8-4C31-856A-FCC6932D3559}.Release|Win32.Build.0 = Release|Win32
		{2506B114-340A-40EE-98D5-FB02C136C6CB}.Debug|Any CPU.ActiveCfg = Debug|Win32
		{2506B114-340A-40EE-98D5-FB02C136C6CB}.Debug|Mixed Platforms.ActiveCfg = Debug|Win32
		{2506B114-340A-40EE-98D5-FB02C136C6CB}.Debug|Mixed Platforms.Build.0 = Debug|Win32
		{2506B114-340A-40EE-98D5-FB02C136C6CB}.Debug|Win32.ActiveCfg = Debug|Win32
		{2506B114-340A-40EE-98D5-FB02C136C6CB}.Debug|Win32.Build.0 = Debug|Win32
		{2506B114-340A-40EE-98D5-FB02C136C6CB}.Release|Any CPU.ActiveCfg = Release|Win32
		{2506B114-340A-40EE-98D5-FB02C136C6CB}.Release|Mixed Platforms.ActiveCfg = Release|Win32
		{2506B114-340A-40EE-98D5-FB02C136C6CB}.Release|Mixed Platforms.Build.0 = Release|Win32
		{2506B114-340A-40EE-98D5-FB02C136C6CB}.Release|Win32.ActiveCfg = Release|Win32
		{2506B114-340A-40EE-98D5-FB02C136C6CB}.Release|Win32.Build.0 = Release|Win32
		{4C09D1C0-5F24-4271-AF01-DDE601D13A1C}.Debug|Any CPU.ActiveCfg = Debug|Win32
		{4C09D1C0-5F24-4271-AF01-DDE601D13A1C}.Debug|Mixed Platforms.ActiveCfg = Debug|Win32
		{4C09D1C0-5F24-4271-AF01-DDE601D13A1C}.Debug|Mixed Platforms.Build.0 = Debug|Win32
		{4C09D1C0-5F24-4271-AF01-DDE601D13A1C}.Debug|Win32.ActiveCfg = Debug|Win32
		{4C09D1C0-5F24-4271-AF01-DDE601D13A1C}.Debug|Win32.Build.0 = Debug|Win32
		{4C09D1C0-5F24-4271-AF01-DDE601D13A1C}.Release|Any CPU.ActiveCfg = Release|Win32
		{4C09D1C0-5F24-4271-AF01-DDE601D13A1C}.Release|Mixed Platforms.ActiveCfg = Release|Win32
		{4C09D1C0-5F24-4271-AF01-DDE601D13A1C}.Release|Mixed Platforms.Build.0 = Release|Win32
		{4C09D1C0-5F24-4271-AF01-DDE601D13A1C}.Release|Win32.ActiveCfg = Release|Win32
		{4C09D1C0-5F24-4271-AF01-DDE601D13A1C}.Release|Win32.Build.0 = Release|Win32
		{EFE31F5D-56AB-4A27-BBA6-A2AB4296FC09}.Debug|Any CPU.ActiveCfg = Debug|Win32
		{EFE31F5D-56AB-4A27-BBA6-A2AB4296FC09}.Debug|Mixed Platforms.ActiveCfg = Debug|Win32
		{EFE31F5D-56AB-4A27-BBA6-A2AB4296FC09}.Debug|Mixed Platforms.Build.0 = Debug|Win32
		{EFE31F5D-56AB-4A27-BBA6-A2AB4296FC09}.Debug|Win32.ActiveCfg = Debug|Win32
		{EFE31F5D-56AB-4A27-BBA6-A2AB4296FC09}.Debug|Win32.Build.0 = Debug|Win32
		{EFE31F5D-56AB-4A27-BBA6-A2AB4296FC09}.Release|Any CPU.ActiveCfg = Release|Win32
		{EFE31F5D-56AB-4A27-BBA6-A2AB4296FC09}.Release|Mixed Platforms.ActiveCfg = Release|Win32
		{EFE31F5D-56AB-4A27-BBA6-A2AB4296FC09}.Release|Mixed Platforms.Build.0 = Release|Win32
		{EFE31F5D-56AB-4A27-BBA6-A2AB4296FC09}.Release|Win32.ActiveCfg = Release|Win32
		{EFE31F5D-56AB-4A27-BBA6-A2AB4296FC09}.Release|Win32.Build.0 = Release|Win32
		{FBAB75C5-86D5-4A05-B981-2473F1F511AA}.Debug|Any CPU.ActiveCfg = Debug|Win32
		{FBAB75C5-86D5-4A05-B981-2473F1F511AA}.Debug|Mixed Platforms.ActiveCfg = Debug|Win32
		{FBAB75C5-86D5-4A05-B981-2473F1F511AA}.Debug|Mixed Platforms.Build.0 = Debug|Win32
		{FBAB75C5-86D5-4A05-B981-2473F1F511AA}.Debug|Win32.ActiveCfg = Debug|Win32
		{FBAB75C5-86D5-4A05-B981-2473F1F511AA}.Debug|Win32.Build.0 = Debug|Win32
		{FBAB75C5-86D5-4A05-B981-2473F1F511AA}.Release|Any CPU.ActiveCfg = Release|Win32
		{FBAB75C5-86D5-4A05-B981-2473F1F511AA}.Release|Mixed Platforms.ActiveCfg = Release|Win32
		{FBAB75C5-86D5-4A05-B981-2473F1F511AA}.Release|Mixed Platforms.Build.0 = Release|Win32
		{FBAB75C5-86D5-4A05-B981-2473F1F511AA}.Release|Win32.ActiveCfg = Release|Win32
		{FBAB75C5-86D5-4A05-B981-2473F1F511AA}.Release|Win32.Build.0 = Release|Win32
		{49CB8D71-ECF7-4BD6-BE61-37E6CC256924}.Debug|Any CPU.ActiveCfg = Debug|Win32
		{49CB8D71-ECF7-4BD6-BE61-37E6CC256924}.Debug|Mixed Platforms.ActiveCfg = Debug|Win32
		{49CB8D71-ECF7-4BD6-BE61-37E6CC256924}.Debug|Mixed Platforms.Build.0 = Debug|Win32
		{49CB8D71-ECF7-4BD6-BE61-37E6CC256924}.Debug|Win32.ActiveCfg = Debug|Win32
		{49CB8D71-ECF7-4BD6-BE61-37E6CC256924}.Debug|Win32.Build.0 = Debug|Win32
		{49CB8D71-ECF7-4BD6-BE61-37E6CC256924}.Release|Any CPU.ActiveCfg = Release|Win32
		{49CB8D71-ECF7-4BD6-BE61-37E6CC256924}.Release|Mixed Platforms.ActiveCfg = Release|Win32
		{49CB8D71-ECF7-4BD6-BE61-37E6CC256924}.Release|Mixed Platforms.Build.0 = Release|Win32
		{49CB8D71-ECF7-4BD6-BE61-37E6CC256924}.Release|Win32.ActiveCfg = Release|Win32
		{49CB8D71-ECF7-4BD6-BE61-37E6CC256924}.Release|Win32.Build.0 = Release|Win32
		{5DB0D37D-8534-49D1-B6E5-7017420F07FE}.Debug|Any CPU.ActiveCfg = Debug|Win32
		{5DB0D37D-8534-49D1-B6E5-7017420F07FE}.Debug|Mixed Platforms.ActiveCfg = Debug|Win32
		{5DB0D37D-8534-49D1-B6E5-7017420F07FE}.Debug|Mixed Platforms.Build.0 = Debug|Win32
		{5DB0D37D-8534-49D1-B6E5-7017420F07FE}.Debug|Win32.ActiveCfg = Debug|Win32
		{5DB0D37D-8534-49D1-B6E5-7017420F07FE}.Debug|Win32.Build.0 = Debug|Win32
		{5DB0D37D-8534-49D1-B6E5-7017420F07FE}.Release|Any CPU.ActiveCfg = Release|Win32
		{5DB0D37D-8534-49D1-B6E5-7017420F07FE}.Release|Mixed Platforms.ActiveCfg = Release|Win32
		{5DB0D37D-8534-49D1-B6E5-7017420F07FE}.Release|Mixed Platforms.Build.0 = Release|Win32
		{5DB0D37D-8534-49D1-B6E5-7017420F07FE}.Release|Win32.ActiveCfg = Release|Win32
		{5DB0D37D-8534-49D1-B6E5-7017420F07FE}.Release|Win32.Build.0 = Release|Win32
	EndGlobalSection
	GlobalSection(SolutionProperties) = preSolution
		HideSolutionNode = FALSE
	EndGlobalSection
EndGlobal
